
Microsoft Visual Studio Solution File, Format Version 12.00
# Visual Studio Version 16
VisualStudioVersion = 16.0.29519.161
MinimumVisualStudioVersion = 10.0.40219.1
Project("{9A19103F-16F7-4668-BE54-9A1E7A4F7556}") = "KeyDevApp.Server", "KeyDevApp\Server\KeyDevApp.Server.csproj", "{8A7B9EF2-89AA-4889-9228-91846532A9ED}"
EndProject
Project("{9A19103F-16F7-4668-BE54-9A1E7A4F7556}") = "KeyDevApp.Client", "KeyDevApp\Client\KeyDevApp.Client.csproj", "{FF1547DD-13EF-4437-9D8D-C1E4E67FC2A2}"
EndProject
Project("{9A19103F-16F7-4668-BE54-9A1E7A4F7556}") = "KeyDevApp.Shared", "KeyDevApp\Shared\KeyDevApp.Shared.csproj", "{07163613-D877-42DB-8314-39F824265374}"
EndProject
Global
	GlobalSection(SolutionConfigurationPlatforms) = preSolution
		Debug|Any CPU = Debug|Any CPU
		Release|Any CPU = Release|Any CPU
	EndGlobalSection
	GlobalSection(ProjectConfigurationPlatforms) = postSolution
		{8A7B9EF2-89AA-4889-9228-91846532A9ED}.Debug|Any CPU.ActiveCfg = Debug|Any CPU
		{8A7B9EF2-89AA-4889-9228-91846532A9ED}.Debug|Any CPU.Build.0 = Debug|Any CPU
		{8A7B9EF2-89AA-4889-9228-91846532A9ED}.Release|Any CPU.ActiveCfg = Release|Any CPU
		{8A7B9EF2-89AA-4889-9228-91846532A9ED}.Release|Any CPU.Build.0 = Release|Any CPU
		{FF1547DD-13EF-4437-9D8D-C1E4E67FC2A2}.Debug|Any CPU.ActiveCfg = Debug|Any CPU
		{FF1547DD-13EF-4437-9D8D-C1E4E67FC2A2}.Debug|Any CPU.Build.0 = Debug|Any CPU
		{FF1547DD-13EF-4437-9D8D-C1E4E67FC2A2}.Release|Any CPU.ActiveCfg = Release|Any CPU
		{FF1547DD-13EF-4437-9D8D-C1E4E67FC2A2}.Release|Any CPU.Build.0 = Release|Any CPU
		{07163613-D877-42DB-8314-39F824265374}.Debug|Any CPU.ActiveCfg = Debug|Any CPU
		{07163613-D877-42DB-8314-39F824265374}.Debug|Any CPU.Build.0 = Debug|Any CPU
		{07163613-D877-42DB-8314-39F824265374}.Release|Any CPU.ActiveCfg = Release|Any CPU
		{07163613-D877-42DB-8314-39F824265374}.Release|Any CPU.Build.0 = Release|Any CPU
	EndGlobalSection
	GlobalSection(SolutionProperties) = preSolution
		HideSolutionNode = FALSE
	EndGlobalSection
	GlobalSection(ExtensibilityGlobals) = postSolution
		SolutionGuid = {65B826BB-F4B6-4E88-8A4E-DCFFB025C62F}
	EndGlobalSection
EndGlobal
